
Microsoft Visual Studio Solution File, Format Version 12.00
# Visual Studio Version 16
VisualStudioVersion = 16.0.30330.147
MinimumVisualStudioVersion = 10.0.40219.1
Project("{FAE04EC0-301F-11D3-BF4B-00C04F79EFBC}") = "GenerateWMGTracklist", "GenerateWMGTracklist\GenerateWMGTracklist.csproj", "{48686C9B-2535-49E7-B005-5CBF9A66E967}"
EndProject
Global
	GlobalSection(SolutionConfigurationPlatforms) = preSolution
		Debug|Any CPU = Debug|Any CPU
		Release|Any CPU = Release|Any CPU
	EndGlobalSection
	GlobalSection(ProjectConfigurationPlatforms) = postSolution
		{48686C9B-2535-49E7-B005-5CBF9A66E967}.Debug|Any CPU.ActiveCfg = Debug|Any CPU
		{48686C9B-2535-49E7-B005-5CBF9A66E967}.Debug|Any CPU.Build.0 = Debug|Any CPU
		{48686C9B-2535-49E7-B005-5CBF9A66E967}.Release|Any CPU.ActiveCfg = Release|Any CPU
		{48686C9B-2535-49E7-B005-5CBF9A66E967}.Release|Any CPU.Build.0 = Release|Any CPU
	EndGlobalSection
	GlobalSection(SolutionProperties) = preSolution
		HideSolutionNode = FALSE
	EndGlobalSection
	GlobalSection(ExtensibilityGlobals) = postSolution
		SolutionGuid = {EF0E08AC-FDD8-4197-A71F-2383B1691C20}
	EndGlobalSection
EndGlobal
